{
  "version": 4,
  "terraform_version": "1.7.5",
  "serial": 28,
  "lineage": "d65059b1-0f88-0193-14da-5b655fd150bf",
  "outputs": {
    "resume_deploiement": {
      "value": {
        "config": "./output/config_dev.json",
        "documentation": "./output/README_etl_portfolio.md",
        "environnement": "dev",
        "pipeline": {
          "db_name": "etl_portfolio_dev",
          "id": "etl_portfolio-dev-etl",
          "schedule": "0 6 * * *"
        },
        "projet": "etl_portfolio"
      },
      "type": [
        "object",
        {
          "config": "string",
          "documentation": "string",
          "environnement": "string",
          "pipeline": [
            "object",
            {
              "db_name": "string",
              "id": "string",
              "schedule": "string"
            }
          ],
          "projet": "string"
        }
      ]
    },
    "tous_les_fichiers": {
      "value": [
        "./output/config_dev.json",
        "./output/config_dev.yaml",
        "./output/pipeline_dev.json",
        "./output/.env_dev",
        "./output/README_etl_portfolio.md"
      ],
      "type": [
        "tuple",
        [
          "string",
          "string",
          "string",
          "string",
          "string"
        ]
      ]
    }
  },
  "resources": [
    {
      "module": "module.config_projet",
      "mode": "managed",
      "type": "local_file",
      "name": "config_json",
      "provider": "provider[\"registry.terraform.io/hashicorp/local\"]",
      "instances": [
        {
          "schema_version": 0,
          "attributes": {
            "content": "{\"cree_par\":\"Terraform Module config\",\"environnement\":\"dev\",\"projet\":\"etl_portfolio\",\"timestamp\":\"2026-09-25T19:17:46Z\",\"version\":\"1.0.0\"}",
            "content_base64": null,
            "content_base64sha256": "2VbJWN3oWjA2HaDyORHrKigsECmyOsVqkfy3hZQfARE=",
            "content_base64sha512": "nV4R3daDhZEgIeDSjsxIklTaY8vbDcJLaslRiOrv9TzYZCLJIMhssfkIooMSKAGVOpxJHRsFs0w+5BpTdR2XZg==",
            "content_md5": "80e207c9417d5cb3c6e70886a19d3fa9",
            "content_sha1": "08446c6aa5d337782762501134c9827056941392",
            "content_sha256": "d956c958dde85a30361da0f23911eb2a282c1029b23ac56a91fcb785941f0111",
            "content_sha512": "9d5e11ddd68385912021e0d28ecc489254da63cbdb0dc24b6ac95188eaeff53cd86422c920c86cb1f908a283122801953a9c491d1b05b34c3ee41a53751d9766",
            "directory_permission": "0777",
            "file_permission": "0644",
            "filename": "./output/config_dev.json",
            "id": "08446c6aa5d337782762501134c9827056941392",
            "sensitive_content": null,
            "source": null
          },
          "sensitive_attributes": []
        }
      ]
    },
    {
      "module": "module.config_projet",
      "mode": "managed",
      "type": "local_file",
      "name": "config_yaml",
      "provider": "provider[\"registry.terraform.io/hashicorp/local\"]",
      "instances": [
        {
          "schema_version": 0,
          "attributes": {
            "content": "projet: etl_portfolio\nenvironnement: dev\nversion: 1.0.0\ncree_par: \"Terraform Module config\"\n",
            "content_base64": null,
            "content_base64sha256": "LtkWKtiF/GgPb02lJzvHI6RHIJrg9Cx93r3Oe0krXDI=",
            "content_base64sha512": "H1RhXaPP2jtCVnIHfDYSmrRB8Qum16lbMvhYyltXm3vhmrb5irUnGrGVKSRJKniboYcF3qTG0nRrVRw4dXT5lw==",
            "content_md5": "3c3a059436490b416736eb35f39ecddf",
            "content_sha1": "bd972ebb3935a7a6da2de598711649a8a2173474",
            "content_sha256": "2ed9162ad885fc680f6f4da5273bc723a447209ae0f42c7ddebdce7b492b5c32",
            "content_sha512": "1f54615da3cfda3b425672077c36129ab441f10ba6d7a95b32f858ca5b579b7be19ab6f98ab5271ab1952924492a789ba18705dea4c6d2746b551c387574f997",
            "directory_permission": "0777",
            "file_permission": "0777",
            "filename": "./output/config_dev.yaml",
            "id": "bd972ebb3935a7a6da2de598711649a8a2173474",
            "sensitive_content": null,
            "source": null
          },
          "sensitive_attributes": []
        }
      ]
    },
    {
      "module": "module.documentation",
      "mode": "managed",
      "type": "local_file",
      "name": "readme",
      "provider": "provider[\"registry.terraform.io/hashicorp/local\"]",
      "instances": [
        {
          "schema_version": 0,
          "attributes": {
            "content": "# etl_portfolio — dev\n\n**Version :** 1.0.0\n**Généré par :** Terraform Module documentation\n\n## Base de données\n- Host : localhost\n\n## Fichiers de configuration\n- Config : ./output/config_dev.json\n- Pipeline : etl_portfolio-dev-etl\n- Schedule : 0 6 * * *\n\n\u003e Ce fichier est généré automatiquement par Terraform.\n",
            "content_base64": null,
            "content_base64sha256": "wLG0K0oWRXblYfkpZnMOFpWYo962U+zaJu0DAylCOPo=",
            "content_base64sha512": "wF/tQYC9cQRuB2CAUm3OwwMu5ZTntDuc0vm1EaWp7dFBV4f/8WkGes6AWGa9Ci8g4VchXj92nEL3uMxhAvdvqg==",
            "content_md5": "10322f7bf7e31ba223fc36d89948ee10",
            "content_sha1": "d146d25cc6f39c80f60453b6c066288c1f07351e",
            "content_sha256": "c0b1b42b4a164576e561f92966730e169598a3deb653ecda26ed0303294238fa",
            "content_sha512": "c05fed4180bd71046e076080526dcec3032ee594e7b43b9cd2f9b511a5a9edd1415787fff169067ace805866bd0a2f20e157215e3f769c42f7b8cc6102f76faa",
            "directory_permission": "0777",
            "file_permission": "0777",
            "filename": "./output/README_etl_portfolio.md",
            "id": "d146d25cc6f39c80f60453b6c066288c1f07351e",
            "sensitive_content": null,
            "source": null
          },
          "sensitive_attributes": [],
          "dependencies": [
            "module.config_projet.local_file.config_json"
          ]
        }
      ]
    },
    {
      "module": "module.pipeline_etl",
      "mode": "managed",
      "type": "local_file",
      "name": "env_file",
      "provider": "provider[\"registry.terraform.io/hashicorp/local\"]",
      "instances": [
        {
          "schema_version": 0,
          "attributes": {
            "content": "PIPELINE_ID=etl_portfolio-dev-etl\nDB_HOST=localhost\nDB_PORT=5432\nDB_NAME=etl_portfolio_dev\nSCHEDULE=0 6 * * *\n",
            "content_base64": null,
            "content_base64sha256": "DKN2KkwoDndiQ2AASbO0ucbMBzJvILCPfzHoXR2OMIM=",
            "content_base64sha512": "jzKqnEWaV9zJ7xitBEVjzu10sdblLB+IeKG1e/OvHUXW7qc5g6cdHEmCwgQgSznH6WC+3dBh9uzNNk6KFKDQkA==",
            "content_md5": "f77795da76edb5c5a97101dba6760e7d",
            "content_sha1": "8224159eccfb4fd5cc6de5bae036f793b3df0413",
            "content_sha256": "0ca3762a4c280e776243600049b3b4b9c6cc07326f20b08f7f31e85d1d8e3083",
            "content_sha512": "8f32aa9c459a57dcc9ef18ad044563ceed74b1d6e52c1f8878a1b57bf3af1d45d6eea73983a71d1c4982c204204b39c7e960beddd061f6eccd364e8a14a0d090",
            "directory_permission": "0777",
            "file_permission": "0600",
            "filename": "./output/.env_dev",
            "id": "8224159eccfb4fd5cc6de5bae036f793b3df0413",
            "sensitive_content": null,
            "source": null
          },
          "sensitive_attributes": []
        }
      ]
    },
    {
      "module": "module.pipeline_etl",
      "mode": "managed",
      "type": "local_file",
      "name": "pipeline_config",
      "provider": "provider[\"registry.terraform.io/hashicorp/local\"]",
      "instances": [
        {
          "schema_version": 0,
          "attributes": {
            "content": "{\"base_de_donnees\":{\"host\":\"localhost\",\"nom\":\"etl_portfolio_dev\",\"port\":5432},\"config_source\":\"./output/config_dev.json\",\"pipeline_id\":\"etl_portfolio-dev-etl\",\"retries\":3,\"schedule\":\"0 6 * * *\",\"timeout_min\":30}",
            "content_base64": null,
            "content_base64sha256": "u/LHL4v/b1nDSyJCa35gd/5/dqAEnimrXw3jim6EGok=",
            "content_base64sha512": "5rys3STDWqnbzsM6022s49o5DimYXI4ChtLtyrYr7+fu7ZkshcHjO0n2HqYq7kHpgY7GfmuQJgA0Ypt7AESTSA==",
            "content_md5": "2e15578abd33c499fa313a481517bf10",
            "content_sha1": "374b30de1194c775b8aa57dd7eb7755cc08d45f6",
            "content_sha256": "bbf2c72f8bff6f59c34b22426b7e6077fe7f76a0049e29ab5f0de38a6e841a89",
            "content_sha512": "e6bcacdd24c35aa9dbcec33ad36dace3da390e29985c8e0286d2edcab62befe7eeed992c85c1e33b49f61ea62aee41e9818ec67e6b90260034629b7b00449348",
            "directory_permission": "0777",
            "file_permission": "0777",
            "filename": "./output/pipeline_dev.json",
            "id": "374b30de1194c775b8aa57dd7eb7755cc08d45f6",
            "sensitive_content": null,
            "source": null
          },
          "sensitive_attributes": [],
          "dependencies": [
            "module.config_projet.local_file.config_json"
          ]
        }
      ]
    }
  ],
  "check_results": null
}
