{
  "version": 4,
  "terraform_version": "1.7.5",
  "serial": 17,
  "lineage": "d65059b1-0f88-0193-14da-5b655fd150bf",
  "outputs": {
    "resume_deploiement": {
      "value": {
        "config": "./output/config_prod.json",
        "documentation": "./output/README_etl_portfolio.md",
        "environnement": "prod",
        "pipeline": {
          "db_name": "etl_portfolio_prod",
          "id": "etl_portfolio-prod-etl",
          "schedule": "0 6 * * *"
        },
        "projet": "etl_portfolio"
      },
      "type": [
        "object",
        {
          "config": "string",
          "documentation": "string",
          "environnement": "string",
          "pipeline": [
            "object",
            {
              "db_name": "string",
              "id": "string",
              "schedule": "string"
            }
          ],
          "projet": "string"
        }
      ]
    },
    "tous_les_fichiers": {
      "value": [
        "./output/config_prod.json",
        "./output/config_prod.yaml",
        "./output/pipeline_prod.json",
        "./output/.env_prod",
        "./output/README_etl_portfolio.md"
      ],
      "type": [
        "tuple",
        [
          "string",
          "string",
          "string",
          "string",
          "string"
        ]
      ]
    }
  },
  "resources": [
    {
      "module": "module.config_projet",
      "mode": "managed",
      "type": "local_file",
      "name": "config_json",
      "provider": "provider[\"registry.terraform.io/hashicorp/local\"]",
      "instances": [
        {
          "schema_version": 0,
          "attributes": {
            "content": "{\"cree_par\":\"Terraform Module config\",\"environnement\":\"prod\",\"projet\":\"etl_portfolio\",\"timestamp\":\"2026-09-25T19:16:38Z\",\"version\":\"1.0.0\"}",
            "content_base64": null,
            "content_base64sha256": "arxBnv5bv+xJCvINhXp6F5ZT30gXu0p2T+uFZi769Tg=",
            "content_base64sha512": "nutEGZ6fbIHOP7+P9QSqPwKhSiRVhUIXACu5e7wJrhSPXmaAN/8rwZHmGupaxXTtJbfgBfu0yIZThtDvRURmlg==",
            "content_md5": "822db361c250eeeeec35d6d27da078cf",
            "content_sha1": "ddfd87c709c488870751d0606ec599c67fa15d2f",
            "content_sha256": "6abc419efe5bbfec490af20d857a7a179653df4817bb4a764feb85662efaf538",
            "content_sha512": "9eeb44199e9f6c81ce3fbf8ff504aa3f02a14a2455854217002bb97bbc09ae148f5e668037ff2bc191e61aea5ac574ed25b7e005fbb4c8865386d0ef45446696",
            "directory_permission": "0777",
            "file_permission": "0644",
            "filename": "./output/config_prod.json",
            "id": "ddfd87c709c488870751d0606ec599c67fa15d2f",
            "sensitive_content": null,
            "source": null
          },
          "sensitive_attributes": []
        }
      ]
    },
    {
      "module": "module.config_projet",
      "mode": "managed",
      "type": "local_file",
      "name": "config_yaml",
      "provider": "provider[\"registry.terraform.io/hashicorp/local\"]",
      "instances": [
        {
          "schema_version": 0,
          "attributes": {
            "content": "projet: etl_portfolio\nenvironnement: prod\nversion: 1.0.0\ncree_par: \"Terraform Module config\"\n",
            "content_base64": null,
            "content_base64sha256": "5QzlnQea4GTHR7jc3Iy15fwn+qxwuVTCFw54iLkayfs=",
            "content_base64sha512": "dGV2LrJ168Amj5dOEokwjjX2XewIZjF/P8ZzZavepaEuTvnrwZzLcBonJdwU/UcLtI50uUu93NDdv6V0QboYrA==",
            "content_md5": "d0cfafa9ff75803735aef8ea40813a25",
            "content_sha1": "8a37cb62faa8935cb00046b556df3c027012c6ea",
            "content_sha256": "e50ce59d079ae064c747b8dcdc8cb5e5fc27faac70b954c2170e7888b91ac9fb",
            "content_sha512": "7465762eb275ebc0268f974e1289308e35f65dec0866317f3fc67365abdea5a12e4ef9ebc19ccb701a2725dc14fd470bb48e74b94bbddcd0ddbfa57441ba18ac",
            "directory_permission": "0777",
            "file_permission": "0777",
            "filename": "./output/config_prod.yaml",
            "id": "8a37cb62faa8935cb00046b556df3c027012c6ea",
            "sensitive_content": null,
            "source": null
          },
          "sensitive_attributes": []
        }
      ]
    },
    {
      "module": "module.documentation",
      "mode": "managed",
      "type": "local_file",
      "name": "readme",
      "provider": "provider[\"registry.terraform.io/hashicorp/local\"]",
      "instances": [
        {
          "schema_version": 0,
          "attributes": {
            "content": "# etl_portfolio — prod\n\n**Version :** 1.0.0\n**Généré par :** Terraform Module documentation\n\n## Base de données\n- Host : localhost\n\n## Fichiers de configuration\n- Config : ./output/config_prod.json\n- Pipeline : etl_portfolio-prod-etl\n- Schedule : 0 6 * * *\n\n\u003e Ce fichier est généré automatiquement par Terraform.\n",
            "content_base64": null,
            "content_base64sha256": "6CM5Xf+87SoDnQnCfVenJZNW8VL+8R1htM+dlj+zh0c=",
            "content_base64sha512": "FcsQApMUGIQGW66ohU889tRyYpXfNo62BPta1qcLs8qMYXPwfskeGwBSgCiUdaXDcDQKCwaIHG7GCNkr2sxl5A==",
            "content_md5": "15cee52078a2a3bbe039459fe471dc63",
            "content_sha1": "b1b4af5010b2b889b0cb8181d1bdc6d7570e64cc",
            "content_sha256": "e823395dffbced2a039d09c27d57a7259356f152fef11d61b4cf9d963fb38747",
            "content_sha512": "15cb100293141884065baea8854f3cf6d4726295df368eb604fb5ad6a70bb3ca8c6173f07ec91e1b005280289475a5c370340a0b06881c6ec608d92bdacc65e4",
            "directory_permission": "0777",
            "file_permission": "0777",
            "filename": "./output/README_etl_portfolio.md",
            "id": "b1b4af5010b2b889b0cb8181d1bdc6d7570e64cc",
            "sensitive_content": null,
            "source": null
          },
          "sensitive_attributes": [],
          "dependencies": [
            "module.config_projet.local_file.config_json"
          ]
        }
      ]
    },
    {
      "module": "module.pipeline_etl",
      "mode": "managed",
      "type": "local_file",
      "name": "env_file",
      "provider": "provider[\"registry.terraform.io/hashicorp/local\"]",
      "instances": [
        {
          "schema_version": 0,
          "attributes": {
            "content": "PIPELINE_ID=etl_portfolio-prod-etl\nDB_HOST=localhost\nDB_PORT=5432\nDB_NAME=etl_portfolio_prod\nSCHEDULE=0 6 * * *\n",
            "content_base64": null,
            "content_base64sha256": "LtA5PCQl/dlHc9hJn/6W00TewaaRhR6ZBk78zBLmnW0=",
            "content_base64sha512": "iXvlc3PX3qg66Bl9CbASk+OHgBy7Fa3euRHqvi0e6F3E5NjRVmxRIh0tQUYQ+x261A74xhTvdO1qQu7WipbGug==",
            "content_md5": "287e8ceb80bdffd652373c638e929ea0",
            "content_sha1": "6ca61ad366d998661e004c84f124c466b0dcdac4",
            "content_sha256": "2ed0393c2425fdd94773d8499ffe96d344dec1a691851e99064efccc12e69d6d",
            "content_sha512": "897be57373d7dea83ae8197d09b01293e387801cbb15addeb911eabe2d1ee85dc4e4d8d1566c51221d2d414610fb1dbad40ef8c614ef74ed6a42eed68a96c6ba",
            "directory_permission": "0777",
            "file_permission": "0600",
            "filename": "./output/.env_prod",
            "id": "6ca61ad366d998661e004c84f124c466b0dcdac4",
            "sensitive_content": null,
            "source": null
          },
          "sensitive_attributes": []
        }
      ]
    },
    {
      "module": "module.pipeline_etl",
      "mode": "managed",
      "type": "local_file",
      "name": "pipeline_config",
      "provider": "provider[\"registry.terraform.io/hashicorp/local\"]",
      "instances": [
        {
          "schema_version": 0,
          "attributes": {
            "content": "{\"base_de_donnees\":{\"host\":\"localhost\",\"nom\":\"etl_portfolio_prod\",\"port\":5432},\"config_source\":\"./output/config_prod.json\",\"pipeline_id\":\"etl_portfolio-prod-etl\",\"retries\":3,\"schedule\":\"0 6 * * *\",\"timeout_min\":30}",
            "content_base64": null,
            "content_base64sha256": "cLwPPns0Z9UpfQUJIvVnI5qfoG7AXdUkTmD/JffjKW8=",
            "content_base64sha512": "mlb+Iwccvg+Q3we8j4MdZcIEf6eBHZBMWHJEzgGuWtAjPjKYS1ZkLlt/tvFPSMER+vhzla4ZpHRV12U2oO5rKQ==",
            "content_md5": "ddb8c817b7e3894c9eb85194ade6f8ad",
            "content_sha1": "ab88572d3e32726798e21c6ce726a2f4bf5fcaeb",
            "content_sha256": "70bc0f3e7b3467d5297d050922f567239a9fa06ec05dd5244e60ff25f7e3296f",
            "content_sha512": "9a56fe23071cbe0f90df07bc8f831d65c2047fa7811d904c587244ce01ae5ad0233e32984b56642e5b7fb6f14f48c111faf87395ae19a47455d76536a0ee6b29",
            "directory_permission": "0777",
            "file_permission": "0777",
            "filename": "./output/pipeline_prod.json",
            "id": "ab88572d3e32726798e21c6ce726a2f4bf5fcaeb",
            "sensitive_content": null,
            "source": null
          },
          "sensitive_attributes": [],
          "dependencies": [
            "module.config_projet.local_file.config_json"
          ]
        }
      ]
    }
  ],
  "check_results": null
}
